schema: '2.0'
stages:
  data_ingestion:
    cmd: python src/data/data_ingestion.py
    deps:
    - path: src/data/data_ingestion.py
      hash: md5
      md5: ee08a4c31ae467cebbcce70b5cc5491a
      size: 3545
    params:
      params.yaml:
        data_ingestion.test_size: 0.3
    outs:
    - path: data/raw
      hash: md5
      md5: 03b3b604b1f92a17191a7fc947e576d6.dir
      size: 827973
      nfiles: 2
  data_preprocessing:
    cmd: python src/data/data_preprocessing.py
    deps:
    - path: data/raw
      hash: md5
      md5: 03b3b604b1f92a17191a7fc947e576d6.dir
      size: 827973
      nfiles: 2
    - path: src/data/data_preprocessing.py
      hash: md5
      md5: c1e18bf95fcc1e3d80cae9ee7c4a6383
      size: 4014
    outs:
    - path: data/interim
      hash: md5
      md5: 994c49fadcae57312a3667f2eba4dc35.dir
      size: 572633
      nfiles: 2
  feature_engineering:
    cmd: python src/features/feature_engineering.py
    deps:
    - path: data/interim
      hash: md5
      md5: 994c49fadcae57312a3667f2eba4dc35.dir
      size: 572633
      nfiles: 2
    - path: src/features/feature_engineering.py
      hash: md5
      md5: 39f2bae90a653c463b33b9c5e4a93c3f
      size: 3908
    params:
      params.yaml:
        feature_engineering.max_features: 5000
    outs:
    - path: data/processed
      hash: md5
      md5: 987e7f4e66f7b7bb567c759464db6eb4.dir
      size: 208648832
      nfiles: 2
    - path: models/vectorizer.pkl
      hash: md5
      md5: 6266ec6f50e09754dba35d95c1bb94a9
      size: 300105
  model_building:
    cmd: python src/models/model_building.py
    deps:
    - path: data/processed
      hash: md5
      md5: 987e7f4e66f7b7bb567c759464db6eb4.dir
      size: 208648832
      nfiles: 2
    - path: src/models/model_building.py
      hash: md5
      md5: d6aa907972f9b577c1d0dffbe4fb7d83
      size: 2375
    outs:
    - path: models/model.pkl
      hash: md5
      md5: 8c410bd94538d46d1acdfbba6b8c78dc
      size: 40710
  model_evaluation:
    cmd: python src/models/model_evaluation.py
    deps:
    - path: models/model.pkl
      hash: md5
      md5: 8c410bd94538d46d1acdfbba6b8c78dc
      size: 40710
    - path: src/models/model_evaluation.py
      hash: md5
      md5: 6ce619d44721f75ed8b8ff9b291f178b
      size: 3655
    outs:
    - path: reports/metrics.json
      hash: md5
      md5: f31dd294975bbaff7eac4bbab31ca12d
      size: 144
